
Microsoft Visual Studio Solution File, Format Version 12.00
# Visual Studio Version 16
VisualStudioVersion = 16.0.30804.86
MinimumVisualStudioVersion = 10.0.40219.1
Project("{FAE04EC0-301F-11D3-BF4B-00C04F79EFBC}") = "ClassMetotDemo", "ClassMetotDemo\ClassMetotDemo.csproj", "{8F4A8BC9-1165-4F0C-A5DD-8A8FE79EFE89}"
EndProject
Global
	GlobalSection(SolutionConfigurationPlatforms) = preSolution
		Debug|Any CPU = Debug|Any CPU
		Release|Any CPU = Release|Any CPU
	EndGlobalSection
	GlobalSection(ProjectConfigurationPlatforms) = postSolution
		{8F4A8BC9-1165-4F0C-A5DD-8A8FE79EFE89}.Debug|Any CPU.ActiveCfg = Debug|Any CPU
		{8F4A8BC9-1165-4F0C-A5DD-8A8FE79EFE89}.Debug|Any CPU.Build.0 = Debug|Any CPU
		{8F4A8BC9-1165-4F0C-A5DD-8A8FE79EFE89}.Release|Any CPU.ActiveCfg = Release|Any CPU
		{8F4A8BC9-1165-4F0C-A5DD-8A8FE79EFE89}.Release|Any CPU.Build.0 = Release|Any CPU
	EndGlobalSection
	GlobalSection(SolutionProperties) = preSolution
		HideSolutionNode = FALSE
	EndGlobalSection
	GlobalSection(ExtensibilityGlobals) = postSolution
		SolutionGuid = {4A259B49-C3CC-421B-A993-B0446A994377}
	EndGlobalSection
EndGlobal
